
Microsoft Visual Studio Solution File, Format Version 12.00
# Visual Studio Version 16
VisualStudioVersion = 16.0.31702.278
MinimumVisualStudioVersion = 10.0.40219.1
Project("{00D1A9C2-B5F0-4AF3-8072-F6C62B433612}") = "Update", "Update.sqlproj", "{EFCED696-74B5-4CDE-8838-B21D523F37CE}"
EndProject
Global
	GlobalSection(SolutionConfigurationPlatforms) = preSolution
		Debug|Any CPU = Debug|Any CPU
		Release|Any CPU = Release|Any CPU
	EndGlobalSection
	GlobalSection(ProjectConfigurationPlatforms) = postSolution
		{EFCED696-74B5-4CDE-8838-B21D523F37CE}.Debug|Any CPU.ActiveCfg = Debug|Any CPU
		{EFCED696-74B5-4CDE-8838-B21D523F37CE}.Debug|Any CPU.Build.0 = Debug|Any CPU
		{EFCED696-74B5-4CDE-8838-B21D523F37CE}.Debug|Any CPU.Deploy.0 = Debug|Any CPU
		{EFCED696-74B5-4CDE-8838-B21D523F37CE}.Release|Any CPU.ActiveCfg = Release|Any CPU
		{EFCED696-74B5-4CDE-8838-B21D523F37CE}.Release|Any CPU.Build.0 = Release|Any CPU
		{EFCED696-74B5-4CDE-8838-B21D523F37CE}.Release|Any CPU.Deploy.0 = Release|Any CPU
	EndGlobalSection
	GlobalSection(SolutionProperties) = preSolution
		HideSolutionNode = FALSE
	EndGlobalSection
	GlobalSection(ExtensibilityGlobals) = postSolution
		SolutionGuid = {C182A7C3-BAB5-4DF7-9E98-D4D2117A2B36}
	EndGlobalSection
EndGlobal
